
Microsoft Visual Studio Solution File, Format Version 12.00
# Visual Studio Version 17
VisualStudioVersion = 17.0.31710.8
MinimumVisualStudioVersion = 10.0.40219.1
Project("{D954291E-2A0B-460D-934E-DC6B0785DB48}") = "CommonUtils", "Utils\CommonUtils.shproj", "{8EAF3651-A208-47BC-963B-27E14D15EDEE}"
EndProject
Global
	GlobalSection(SharedMSBuildProjectFiles) = preSolution
		Utils\CommonUtil.projitems*{8eaf3651-a208-47bc-963b-27e14d15edee}*SharedItemsImports = 13
	EndGlobalSection
	GlobalSection(SolutionProperties) = preSolution
		HideSolutionNode = FALSE
	EndGlobalSection
	GlobalSection(ExtensibilityGlobals) = postSolution
		SolutionGuid = {7057ECBB-A9E4-4BE9-8F13-4CC0EE703574}
	EndGlobalSection
EndGlobal
